Microsoft Visual Studio Solution File, Format Version 12.00
# Visual Studio Version 17
VisualStudioVersion = 17.0.31903.59
MinimumVisualStudioVersion = 10.0.40219.1
Project("{2150E333-8FDC-42A3-9474-1A3956D46DE8}") = "src", "src", "{5A2B0933-0905-4C7F-B1A6-7A9C9B9B1A9D}"
EndProject
Project("{FAE04EC0-301F-11D3-BF4B-00C04F79EFBC}") = "DevOpsDemo", "src\DevOpsDemo\DevOpsDemo.csproj", "{3ACF0650-8AA9-4DA5-B1CB-8A9F9D0D4BA9}"
EndProject
Project("{2150E333-8FDC-42A3-9474-1A3956D46DE8}") = "tests", "tests", "{8A1E8A59-2E40-4B45-A9B6-A1C59D1A6A73}"
EndProject
Project("{FAE04EC0-301F-11D3-BF4B-00C04F79EFBC}") = "DevOpsDemo.Tests", "tests\DevOpsDemo.Tests\DevOpsDemo.Tests.csproj", "{2C1E5EB0-91A1-4A11-9F3D-5F6A1FF9D2A6}"
EndProject
Global
	GlobalSection(SolutionConfigurationPlatforms) = preSolution
		Debug|Any CPU = Debug|Any CPU
		Release|Any CPU = Release|Any CPU
	EndGlobalSection
	GlobalSection(SolutionProperties) = preSolution
		HideSolutionNode = FALSE
	EndGlobalSection
	GlobalSection(ProjectConfigurationPlatforms) = postSolution
		{3ACF0650-8AA9-4DA5-B1CB-8A9F9D0D4BA9}.Debug|Any CPU.ActiveCfg = Debug|Any CPU
		{3ACF0650-8AA9-4DA5-B1CB-8A9F9D0D4BA9}.Debug|Any CPU.Build.0 = Debug|Any CPU
		{3ACF0650-8AA9-4DA5-B1CB-8A9F9D0D4BA9}.Release|Any CPU.ActiveCfg = Release|Any CPU
		{3ACF0650-8AA9-4DA5-B1CB-8A9F9D0D4BA9}.Release|Any CPU.Build.0 = Release|Any CPU
		{2C1E5EB0-91A1-4A11-9F3D-5F6A1FF9D2A6}.Debug|Any CPU.ActiveCfg = Debug|Any CPU
		{2C1E5EB0-91A1-4A11-9F3D-5F6A1FF9D2A6}.Debug|Any CPU.Build.0 = Debug|Any CPU
		{2C1E5EB0-91A1-4A11-9F3D-5F6A1FF9D2A6}.Release|Any CPU.ActiveCfg = Release|Any CPU
		{2C1E5EB0-91A1-4A11-9F3D-5F6A1FF9D2A6}.Release|Any CPU.Build.0 = Release|Any CPU
	EndGlobalSection
	GlobalSection(NestedProjects) = preSolution
		{3ACF0650-8AA9-4DA5-B1CB-8A9F9D0D4BA9} = {5A2B0933-0905-4C7F-B1A6-7A9C9B9B1A9D}
		{2C1E5EB0-91A1-4A11-9F3D-5F6A1FF9D2A6} = {8A1E8A59-2E40-4B45-A9B6-A1C59D1A6A73}
	EndGlobalSection
EndGlobal